
Microsoft Visual Studio Solution File, Format Version 12.00
# Visual Studio Version 17
VisualStudioVersion = 17.12.35527.113 d17.12
MinimumVisualStudioVersion = 10.0.40219.1
Project("{FAE04EC0-301F-11D3-BF4B-00C04F79EFBC}") = "Biblioteka", "Biblioteka\Biblioteka.csproj", "{57047FE0-3DF3-4BE0-9F8E-E3B69CDA10EB}"
EndProject
Global
	GlobalSection(SolutionConfigurationPlatforms) = preSolution
		Debug|Any CPU = Debug|Any CPU
		Release|Any CPU = Release|Any CPU
	EndGlobalSection
	GlobalSection(ProjectConfigurationPlatforms) = postSolution
		{57047FE0-3DF3-4BE0-9F8E-E3B69CDA10EB}.Debug|Any CPU.ActiveCfg = Debug|Any CPU
		{57047FE0-3DF3-4BE0-9F8E-E3B69CDA10EB}.Debug|Any CPU.Build.0 = Debug|Any CPU
		{57047FE0-3DF3-4BE0-9F8E-E3B69CDA10EB}.Release|Any CPU.ActiveCfg = Release|Any CPU
		{57047FE0-3DF3-4BE0-9F8E-E3B69CDA10EB}.Release|Any CPU.Build.0 = Release|Any CPU
	EndGlobalSection
	GlobalSection(SolutionProperties) = preSolution
		HideSolutionNode = FALSE
	EndGlobalSection
EndGlobal
